// !$*UTF8*$!
{
	archiveVersion = 1;
	classes = {
	};
	objectVersion = 50;
	objects = {

/* Begin PBXBuildFile section */
		2306D8AB25C3EBC0001A7C10 /* SwiftControlsApp.swift in Sources */ = {isa = PBXBuildFile; fileRef = 2306D8AA25C3EBC0001A7C10 /* SwiftControlsApp.swift */; };
		2306D8AD25C3EBC0001A7C10 /* ContentView.swift in Sources */ = {isa = PBXBuildFile; fileRef = 2306D8AC25C3EBC0001A7C10 /* ContentView.swift */; };
		2306D8AF25C3EBC2001A7C10 /* Assets.xcassets in Resources */ = {isa = PBXBuildFile; fileRef = 2306D8AE25C3EBC2001A7C10 /* Assets.xcassets */; };
		2306D8B225C3EBC2001A7C10 /* Preview Assets.xcassets in Resources */ = {isa = PBXBuildFile; fileRef = 2306D8B125C3EBC2001A7C10 /* Preview Assets.xcassets */; };
		2306D8B425C3EBC2001A7C10 /* Persistence.swift in Sources */ = {isa = PBXBuildFile; fileRef = 2306D8B325C3EBC2001A7C10 /* Persistence.swift */; };
		2306D8B725C3EBC2001A7C10 /* SwiftControls.xcdatamodeld in Sources */ = {isa = PBXBuildFile; fileRef = 2306D8B525C3EBC2001A7C10 /* SwiftControls.xcdatamodeld */; };
		2306D8C225C3EBC3001A7C10 /* SwiftControlsTests.swift in Sources */ = {isa = PBXBuildFile; fileRef = 2306D8C125C3EBC3001A7C10 /* SwiftControlsTests.swift */; };
		2306D8CD25C3EBC3001A7C10 /* SwiftControlsUITests.swift in Sources */ = {isa = PBXBuildFile; fileRef = 2306D8CC25C3EBC3001A7C10 /* SwiftControlsUITests.swift */; };
/* End PBXBuildFile section */

/* Begin PBXContainerItemProxy section */
		2306D8BE25C3EBC3001A7C10 /* PBXContainerItemProxy */ = {
			isa = PBXContainerItemProxy;
			containerPortal = 2306D89F25C3EBC0001A7C10 /* Project object */;
			proxyType = 1;
			remoteGlobalIDString = 2306D8A625C3EBC0001A7C10;
			remoteInfo = SwiftControls;
		};
		2306D8C925C3EBC3001A7C10 /* PBXContainerItemProxy */ = {
			isa = PBXContainerItemProxy;
			containerPortal = 2306D89F25C3EBC0001A7C10 /* Project object */;
			proxyType = 1;
			remoteGlobalIDString = 2306D8A625C3EBC0001A7C10;
			remoteInfo = SwiftControls;
		};
/* End PBXContainerItemProxy section */

/* Begin PBXFileReference section */
		2306D8A725C3EBC0001A7C10 /* SwiftControls.app */ = {isa = PBXFileReference; explicitFileType = wrapper.application; includeInIndex = 0; path = SwiftControls.app; sourceTree = BUILT_PRODUCTS_DIR; };
		2306D8AA25C3EBC0001A7C10 /* SwiftControlsApp.swift */ = {isa = PBXFileReference; lastKnownFileType = sourcecode.swift; path = SwiftControlsApp.swift; sourceTree = "<group>"; };
		2306D8AC25C3EBC0001A7C10 /* ContentView.swift */ = {isa = PBXFileReference; lastKnownFileType = sourcecode.swift; path = ContentView.swift; sourceTree = "<group>"; };
		2306D8AE25C3EBC2001A7C10 /* Assets.xcassets */ = {isa = PBXFileReference; lastKnownFileType = folder.assetcatalog; path = Assets.xcassets; sourceTree = "<group>"; };
		2306D8B125C3EBC2001A7C10 /* Preview Assets.xcassets */ = {isa = PBXFileReference; lastKnownFileType = folder.assetcatalog; path = "Preview Assets.xcassets"; sourceTree = "<group>"; };
		2306D8B325C3EBC2001A7C10 /* Persistence.swift */ = {isa = PBXFileReference; lastKnownFileType = sourcecode.swift; path = Persistence.swift; sourceTree = "<group>"; };
		2306D8B625C3EBC2001A7C10 /* SwiftControls.xcdatamodel */ = {isa = PBXFileReference; lastKnownFileType = wrapper.xcdatamodel; path = SwiftControls.xcdatamodel; sourceTree = "<group>"; };
		2306D8B825C3EBC2001A7C10 /* Info.plist */ = {isa = PBXFileReference; lastKnownFileType = text.plist.xml; path = Info.plist; sourceTree = "<group>"; };
		2306D8BD25C3EBC3001A7C10 /* SwiftControlsTests.xctest */ = {isa = PBXFileReference; explicitFileType = wrapper.cfbundle; includeInIndex = 0; path = SwiftControlsTests.xctest; sourceTree = BUILT_PRODUCTS_DIR; };
		2306D8C125C3EBC3001A7C10 /* SwiftControlsTests.swift */ = {isa = PBXFileReference; lastKnownFileType = sourcecode.swift; path = SwiftControlsTests.swift; sourceTree = "<group>"; };
		2306D8C325C3EBC3001A7C10 /* Info.plist */ = {isa = PBXFileReference; lastKnownFileType = text.plist.xml; path = Info.plist; sourceTree = "<group>"; };
		2306D8C825C3EBC3001A7C10 /* SwiftControlsUITests.xctest */ = {isa = PBXFileReference; explicitFileType = wrapper.cfbundle; includeInIndex = 0; path = SwiftControlsUITests.xctest; sourceTree = BUILT_PRODUCTS_DIR; };
		2306D8CC25C3EBC3001A7C10 /* SwiftControlsUITests.swift */ = {isa = PBXFileReference; lastKnownFileType = sourcecode.swift; path = SwiftControlsUITests.swift; sourceTree = "<group>"; };
		2306D8CE25C3EBC3001A7C10 /* Info.plist */ = {isa = PBXFileReference; lastKnownFileType = text.plist.xml; path = Info.plist; sourceTree = "<group>"; };
/* End PBXFileReference section */

/* Begin PBXFrameworksBuildPhase section */
		2306D8A425C3EBC0001A7C10 /* Frameworks */ = {
			isa = PBXFrameworksBuildPhase;
			buildActionMask = 2147483647;
			files = (
			);
			runOnlyForDeploymentPostprocessing = 0;
		};
		2306D8BA25C3EBC3001A7C10 /* Frameworks */ = {
			isa = PBXFrameworksBuildPhase;
			buildActionMask = 2147483647;
			files = (
			);
			runOnlyForDeploymentPostprocessing = 0;
		};
		2306D8C525C3EBC3001A7C10 /* Frameworks */ = {
			isa = PBXFrameworksBuildPhase;
			buildActionMask = 2147483647;
			files = (
			);
			runOnlyForDeploymentPostprocessing = 0;
		};
/* End PBXFrameworksBuildPhase section */

/* Begin PBXGroup section */
		2306D89E25C3EBC0001A7C10 = {
			isa = PBXGroup;
			children = (
				2306D8A925C3EBC0001A7C10 /* SwiftControls */,
				2306D8C025C3EBC3001A7C10 /* SwiftControlsTests */,
				2306D8CB25C3EBC3001A7C10 /* SwiftControlsUITests */,
				2306D8A825C3EBC0001A7C10 /* Products */,
			);
			sourceTree = "<group>";
		};
		2306D8A825C3EBC0001A7C10 /* Products */ = {
			isa = PBXGroup;
			children = (
				2306D8A725C3EBC0001A7C10 /* SwiftControls.app */,
				2306D8BD25C3EBC3001A7C10 /* SwiftControlsTests.xctest */,
				2306D8C825C3EBC3001A7C10 /* SwiftControlsUITests.xctest */,
			);
			name = Products;
			sourceTree = "<group>";
		};
		2306D8A925C3EBC0001A7C10 /* SwiftControls */ = {
			isa = PBXGroup;
			children = (
				2306D8AA25C3EBC0001A7C10 /* SwiftControlsApp.swift */,
				2306D8AC25C3EBC0001A7C10 /* ContentView.swift */,
				2306D8AE25C3EBC2001A7C10 /* Assets.xcassets */,
				2306D8B325C3EBC2001A7C10 /* Persistence.swift */,
				2306D8B825C3EBC2001A7C10 /* Info.plist */,
				2306D8B525C3EBC2001A7C10 /* SwiftControls.xcdatamodeld */,
				2306D8B025C3EBC2001A7C10 /* Preview Content */,
			);
			path = SwiftControls;
			sourceTree = "<group>";
		};
		2306D8B025C3EBC2001A7C10 /* Preview Content */ = {
			isa = PBXGroup;
			children = (
				2306D8B125C3EBC2001A7C10 /* Preview Assets.xcassets */,
			);
			path = "Preview Content";
			sourceTree = "<group>";
		};
		2306D8C025C3EBC3001A7C10 /* SwiftControlsTests */ = {
			isa = PBXGroup;
			children = (
				2306D8C125C3EBC3001A7C10 /* SwiftControlsTests.swift */,
				2306D8C325C3EBC3001A7C10 /* Info.plist */,
			);
			path = SwiftControlsTests;
			sourceTree = "<group>";
		};
		2306D8CB25C3EBC3001A7C10 /* SwiftControlsUITests */ = {
			isa = PBXGroup;
			children = (
				2306D8CC25C3EBC3001A7C10 /* SwiftControlsUITests.swift */,
				2306D8CE25C3EBC3001A7C10 /* Info.plist */,
			);
			path = SwiftControlsUITests;
			sourceTree = "<group>";
		};
/* End PBXGroup section */

/* Begin PBXNativeTarget section */
		2306D8A625C3EBC0001A7C10 /* SwiftControls */ = {
			isa = PBXNativeTarget;
			buildConfigurationList = 2306D8D125C3EBC3001A7C10 /* Build configuration list for PBXNativeTarget "SwiftControls" */;
			buildPhases = (
				2306D8A325C3EBC0001A7C10 /* Sources */,
				2306D8A425C3EBC0001A7C10 /* Frameworks */,
				2306D8A525C3EBC0001A7C10 /* Resources */,
			);
			buildRules = (
			);
			dependencies = (
			);
			name = SwiftControls;
			productName = SwiftControls;
			productReference = 2306D8A725C3EBC0001A7C10 /* SwiftControls.app */;
			productType = "com.apple.product-type.application";
		};
		2306D8BC25C3EBC3001A7C10 /* SwiftControlsTests */ = {
			isa = PBXNativeTarget;
			buildConfigurationList = 2306D8D425C3EBC3001A7C10 /* Build configuration list for PBXNativeTarget "SwiftControlsTests" */;
			buildPhases = (
				2306D8B925C3EBC3001A7C10 /* Sources */,
				2306D8BA25C3EBC3001A7C10 /* Frameworks */,
				2306D8BB25C3EBC3001A7C10 /* Resources */,
			);
			buildRules = (
			);
			dependencies = (
				2306D8BF25C3EBC3001A7C10 /* PBXTargetDependency */,
			);
			name = SwiftControlsTests;
			productName = SwiftControlsTests;
			productReference = 2306D8BD25C3EBC3001A7C10 /* SwiftControlsTests.xctest */;
			productType = "com.apple.product-type.bundle.unit-test";
		};
		2306D8C725C3EBC3001A7C10 /* SwiftControlsUITests */ = {
			isa = PBXNativeTarget;
			buildConfigurationList = 2306D8D725C3EBC3001A7C10 /* Build configuration list for PBXNativeTarget "SwiftControlsUITests" */;
			buildPhases = (
				2306D8C425C3EBC3001A7C10 /* Sources */,
				2306D8C525C3EBC3001A7C10 /* Frameworks */,
				2306D8C625C3EBC3001A7C10 /* Resources */,
			);
			buildRules = (
			);
			dependencies = (
				2306D8CA25C3EBC3001A7C10 /* PBXTargetDependency */,
			);
			name = SwiftControlsUITests;
			productName = SwiftControlsUITests;
			productReference = 2306D8C825C3EBC3001A7C10 /* SwiftControlsUITests.xctest */;
			productType = "com.apple.product-type.bundle.ui-testing";
		};
/* End PBXNativeTarget section */

/* Begin PBXProject section */
		2306D89F25C3EBC0001A7C10 /* Project object */ = {
			isa = PBXProject;
			attributes = {
				LastSwiftUpdateCheck = 1240;
				LastUpgradeCheck = 1240;
				TargetAttributes = {
					2306D8A625C3EBC0001A7C10 = {
						CreatedOnToolsVersion = 12.4;
					};
					2306D8BC25C3EBC3001A7C10 = {
						CreatedOnToolsVersion = 12.4;
						TestTargetID = 2306D8A625C3EBC0001A7C10;
					};
					2306D8C725C3EBC3001A7C10 = {
						CreatedOnToolsVersion = 12.4;
						TestTargetID = 2306D8A625C3EBC0001A7C10;
					};
				};
			};
			buildConfigurationList = 2306D8A225C3EBC0001A7C10 /* Build configuration list for PBXProject "SwiftControls" */;
			compatibilityVersion = "Xcode 9.3";
			developmentRegion = en;
			hasScannedForEncodings = 0;
			knownRegions = (
				en,
				Base,
			);
			mainGroup = 2306D89E25C3EBC0001A7C10;
			productRefGroup = 2306D8A825C3EBC0001A7C10 /* Products */;
			projectDirPath = "";
			projectRoot = "";
			targets = (
				2306D8A625C3EBC0001A7C10 /* SwiftControls */,
				2306D8BC25C3EBC3001A7C10 /* SwiftControlsTests */,
				2306D8C725C3EBC3001A7C10 /* SwiftControlsUITests */,
			);
		};
/* End PBXProject section */

/* Begin PBXResourcesBuildPhase section */
		2306D8A525C3EBC0001A7C10 /* Resources */ = {
			isa = PBXResourcesBuildPhase;
			buildActionMask = 2147483647;
			files = (
				2306D8B225C3EBC2001A7C10 /* Preview Assets.xcassets in Resources */,
				2306D8AF25C3EBC2001A7C10 /* Assets.xcassets in Resources */,
			);
			runOnlyForDeploymentPostprocessing = 0;
		};
		2306D8BB25C3EBC3001A7C10 /* Resources */ = {
			isa = PBXResourcesBuildPhase;
			buildActionMask = 2147483647;
			files = (
			);
			runOnlyForDeploymentPostprocessing = 0;
		};
		2306D8C625C3EBC3001A7C10 /* Resources */ = {
			isa = PBXResourcesBuildPhase;
			buildActionMask = 2147483647;
			files = (
			);
			runOnlyForDeploymentPostprocessing = 0;
		};
/* End PBXResourcesBuildPhase section */

/* Begin PBXSourcesBuildPhase section */
		2306D8A325C3EBC0001A7C10 /* Sources */ = {
			isa = PBXSourcesBuildPhase;
			buildActionMask = 2147483647;
			files = (
				2306D8B425C3EBC2001A7C10 /* Persistence.swift in Sources */,
				2306D8AD25C3EBC0001A7C10 /* ContentView.swift in Sources */,
				2306D8AB25C3EBC0001A7C10 /* SwiftControlsApp.swift in Sources */,
				2306D8B725C3EBC2001A7C10 /* SwiftControls.xcdatamodeld in Sources */,
			);
			runOnlyForDeploymentPostprocessing = 0;
		};
		2306D8B925C3EBC3001A7C10 /* Sources */ = {
			isa = PBXSourcesBuildPhase;
			buildActionMask = 2147483647;
			files = (
				2306D8C225C3EBC3001A7C10 /* SwiftControlsTests.swift in Sources */,
			);
			runOnlyForDeploymentPostprocessing = 0;
		};
		2306D8C425C3EBC3001A7C10 /* Sources */ = {
			isa = PBXSourcesBuildPhase;
			buildActionMask = 2147483647;
			files = (
				2306D8CD25C3EBC3001A7C10 /* SwiftControlsUITests.swift in Sources */,
			);
			runOnlyForDeploymentPostprocessing = 0;
		};
/* End PBXSourcesBuildPhase section */

/* Begin PBXTargetDependency section */
		2306D8BF25C3EBC3001A7C10 /* PBXTargetDependency */ = {
			isa = PBXTargetDependency;
			target = 2306D8A625C3EBC0001A7C10 /* SwiftControls */;
			targetProxy = 2306D8BE25C3EBC3001A7C10 /* PBXContainerItemProxy */;
		};
		2306D8CA25C3EBC3001A7C10 /* PBXTargetDependency */ = {
			isa = PBXTargetDependency;
			target = 2306D8A625C3EBC0001A7C10 /* SwiftControls */;
			targetProxy = 2306D8C925C3EBC3001A7C10 /* PBXContainerItemProxy */;
		};
/* End PBXTargetDependency section */

/* Begin XCBuildConfiguration section */
		2306D8CF25C3EBC3001A7C10 /* Debug */ = {
			isa = XCBuildConfiguration;
			buildSettings = {
				ALWAYS_SEARCH_USER_PATHS = NO;
				CLANG_ANALYZER_NONNULL = YES;
				CLANG_ANALYZER_NUMBER_OBJECT_CONVERSION = YES_AGGRESSIVE;
				CLANG_CXX_LANGUAGE_STANDARD = "gnu++14";
				CLANG_CXX_LIBRARY = "libc++";
				CLANG_ENABLE_MODULES = YES;
				CLANG_ENABLE_OBJC_ARC = YES;
				CLANG_ENABLE_OBJC_WEAK = YES;
				CLANG_WARN_BLOCK_CAPTURE_AUTORELEASING = YES;
				CLANG_WARN_BOOL_CONVERSION = YES;
				CLANG_WARN_COMMA = YES;
				CLANG_WARN_CONSTANT_CONVERSION = YES;
				CLANG_WARN_DEPRECATED_OBJC_IMPLEMENTATIONS = YES;
				CLANG_WARN_DIRECT_OBJC_ISA_USAGE = YES_ERROR;
				CLANG_WARN_DOCUMENTATION_COMMENTS = YES;
				CLANG_WARN_EMPTY_BODY = YES;
				CLANG_WARN_ENUM_CONVERSION = YES;
				CLANG_WARN_INFINITE_RECURSION = YES;
				CLANG_WARN_INT_CONVERSION = YES;
				CLANG_WARN_NON_LITERAL_NULL_CONVERSION = YES;
				CLANG_WARN_OBJC_IMPLICIT_RETAIN_SELF = YES;
				CLANG_WARN_OBJC_LITERAL_CONVERSION = YES;
				CLANG_WARN_OBJC_ROOT_CLASS = YES_ERROR;
				CLANG_WARN_QUOTED_INCLUDE_IN_FRAMEWORK_HEADER = YES;
				CLANG_WARN_RANGE_LOOP_ANALYSIS = YES;
				CLANG_WARN_STRICT_PROTOTYPES = YES;
				CLANG_WARN_SUSPICIOUS_MOVE = YES;
				CLANG_WARN_UNGUARDED_AVAILABILITY = YES_AGGRESSIVE;
				CLANG_WARN_UNREACHABLE_CODE = YES;
				CLANG_WARN__DUPLICATE_METHOD_MATCH = YES;
				COPY_PHASE_STRIP = NO;
				DEBUG_INFORMATION_FORMAT = dwarf;
				ENABLE_STRICT_OBJC_MSGSEND = YES;
				ENABLE_TESTABILITY = YES;
				GCC_C_LANGUAGE_STANDARD = gnu11;
				GCC_DYNAMIC_NO_PIC = NO;
				GCC_NO_COMMON_BLOCKS = YES;
				GCC_OPTIMIZATION_LEVEL = 0;
				GCC_PREPROCESSOR_DEFINITIONS = (
					"DEBUG=1",
					"$(inherited)",
				);
				GCC_WARN_64_TO_32_BIT_CONVERSION = YES;
				GCC_WARN_ABOUT_RETURN_TYPE = YES_ERROR;
				GCC_WARN_UNDECLARED_SELECTOR = YES;
				GCC_WARN_UNINITIALIZED_AUTOS = YES_AGGRESSIVE;
				GCC_WARN_UNUSED_FUNCTION = YES;
				GCC_WARN_UNUSED_VARIABLE = YES;
				IPHONEOS_DEPLOYMENT_TARGET = 14.4;
				MTL_ENABLE_DEBUG_INFO = INCLUDE_SOURCE;
				MTL_FAST_MATH = YES;
				ONLY_ACTIVE_ARCH = YES;
				SDKROOT = iphoneos;
				SWIFT_ACTIVE_COMPILATION_CONDITIONS = DEBUG;
				SWIFT_OPTIMIZATION_LEVEL = "-Onone";
			};
			name = Debug;
		};
		2306D8D025C3EBC3001A7C10 /* Release */ = {
			isa = XCBuildConfiguration;
			buildSettings = {
				ALWAYS_SEARCH_USER_PATHS = NO;
				CLANG_ANALYZER_NONNULL = YES;
				CLANG_ANALYZER_NUMBER_OBJECT_CONVERSION = YES_AGGRESSIVE;
				CLANG_CXX_LANGUAGE_STANDARD = "gnu++14";
				CLANG_CXX_LIBRARY = "libc++";
				CLANG_ENABLE_MODULES = YES;
				CLANG_ENABLE_OBJC_ARC = YES;
				CLANG_ENABLE_OBJC_WEAK = YES;
				CLANG_WARN_BLOCK_CAPTURE_AUTORELEASING = YES;
				CLANG_WARN_BOOL_CONVERSION = YES;
				CLANG_WARN_COMMA = YES;
				CLANG_WARN_CONSTANT_CONVERSION = YES;
				CLANG_WARN_DEPRECATED_OBJC_IMPLEMENTATIONS = YES;
				CLANG_WARN_DIRECT_OBJC_ISA_USAGE = YES_ERROR;
				CLANG_WARN_DOCUMENTATION_COMMENTS = YES;
				CLANG_WARN_EMPTY_BODY = YES;
				CLANG_WARN_ENUM_CONVERSION = YES;
				CLANG_WARN_INFINITE_RECURSION = YES;
				CLANG_WARN_INT_CONVERSION = YES;
				CLANG_WARN_NON_LITERAL_NULL_CONVERSION = YES;
				CLANG_WARN_OBJC_IMPLICIT_RETAIN_SELF = YES;
				CLANG_WARN_OBJC_LITERAL_CONVERSION = YES;
				CLANG_WARN_OBJC_ROOT_CLASS = YES_ERROR;
				CLANG_WARN_QUOTED_INCLUDE_IN_FRAMEWORK_HEADER = YES;
				CLANG_WARN_RANGE_LOOP_ANALYSIS = YES;
				CLANG_WARN_STRICT_PROTOTYPES = YES;
				CLANG_WARN_SUSPICIOUS_MOVE = YES;
				CLANG_WARN_UNGUARDED_AVAILABILITY = YES_AGGRESSIVE;
				CLANG_WARN_UNREACHABLE_CODE = YES;
				CLANG_WARN__DUPLICATE_METHOD_MATCH = YES;
				COPY_PHASE_STRIP = NO;
				DEBUG_INFORMATION_FORMAT = "dwarf-with-dsym";
				ENABLE_NS_ASSERTIONS = NO;
				ENABLE_STRICT_OBJC_MSGSEND = YES;
				GCC_C_LANGUAGE_STANDARD = gnu11;
				GCC_NO_COMMON_BLOCKS = YES;
				GCC_WARN_64_TO_32_BIT_CONVERSION = YES;
				GCC_WARN_ABOUT_RETURN_TYPE = YES_ERROR;
				GCC_WARN_UNDECLARED_SELECTOR = YES;
				GCC_WARN_UNINITIALIZED_AUTOS = YES_AGGRESSIVE;
				GCC_WARN_UNUSED_FUNCTION = YES;
				GCC_WARN_UNUSED_VARIABLE = YES;
				IPHONEOS_DEPLOYMENT_TARGET = 14.4;
				MTL_ENABLE_DEBUG_INFO = NO;
				MTL_FAST_MATH = YES;
				SDKROOT = iphoneos;
				SWIFT_COMPILATION_MODE = wholemodule;
				SWIFT_OPTIMIZATION_LEVEL = "-O";
				VALIDATE_PRODUCT = YES;
			};
			name = Release;
		};
		2306D8D225C3EBC3001A7C10 /* Debug */ = {
			isa = XCBuildConfiguration;
			buildSettings = {
				ASSETCATALOG_COMPILER_APPICON_NAME = AppIcon;
				ASSETCATALOG_COMPILER_GLOBAL_ACCENT_COLOR_NAME = AccentColor;
				CODE_SIGN_STYLE = Automatic;
				DEVELOPMENT_ASSET_PATHS = "\"SwiftControls/Preview Content\"";
				DEVELOPMENT_TEAM = U96K894A9R;
				ENABLE_PREVIEWS = YES;
				INFOPLIST_FILE = SwiftControls/Info.plist;
				IPHONEOS_DEPLOYMENT_TARGET = 14.0;
				LD_RUNPATH_SEARCH_PATHS = (
					"$(inherited)",
					"@executable_path/Frameworks",
				);
				PRODUCT_BUNDLE_IDENTIFIER = Nowaksoft.SwiftControls;
				PRODUCT_NAME = "$(TARGET_NAME)";
				SWIFT_VERSION = 5.0;
				TARGETED_DEVICE_FAMILY = "1,2";
			};
			name = Debug;
		};
		2306D8D325C3EBC3001A7C10 /* Release */ = {
			isa = XCBuildConfiguration;
			buildSettings = {
				ASSETCATALOG_COMPILER_APPICON_NAME = AppIcon;
				ASSETCATALOG_COMPILER_GLOBAL_ACCENT_COLOR_NAME = AccentColor;
				CODE_SIGN_STYLE = Automatic;
				DEVELOPMENT_ASSET_PATHS = "\"SwiftControls/Preview Content\"";
				DEVELOPMENT_TEAM = U96K894A9R;
				ENABLE_PREVIEWS = YES;
				INFOPLIST_FILE = SwiftControls/Info.plist;
				IPHONEOS_DEPLOYMENT_TARGET = 14.0;
				LD_RUNPATH_SEARCH_PATHS = (
					"$(inherited)",
					"@executable_path/Frameworks",
				);
				PRODUCT_BUNDLE_IDENTIFIER = Nowaksoft.SwiftControls;
				PRODUCT_NAME = "$(TARGET_NAME)";
				SWIFT_VERSION = 5.0;
				TARGETED_DEVICE_FAMILY = "1,2";
			};
			name = Release;
		};
		2306D8D525C3EBC3001A7C10 /* Debug */ = {
			isa = XCBuildConfiguration;
			buildSettings = {
				ALWAYS_EMBED_SWIFT_STANDARD_LIBRARIES = YES;
				BUNDLE_LOADER = "$(TEST_HOST)";
				CODE_SIGN_STYLE = Automatic;
				DEVELOPMENT_TEAM = U96K894A9R;
				INFOPLIST_FILE = SwiftControlsTests/Info.plist;
				IPHONEOS_DEPLOYMENT_TARGET = 14.0;
				LD_RUNPATH_SEARCH_PATHS = (
					"$(inherited)",
					"@executable_path/Frameworks",
					"@loader_path/Frameworks",
				);
				PRODUCT_BUNDLE_IDENTIFIER = Nowaksoft.SwiftControlsTests;
				PRODUCT_NAME = "$(TARGET_NAME)";
				SWIFT_VERSION = 5.0;
				TARGETED_DEVICE_FAMILY = "1,2";
				TEST_HOST = "$(BUILT_PRODUCTS_DIR)/SwiftControls.app/SwiftControls";
			};
			name = Debug;
		};
		2306D8D625C3EBC3001A7C10 /* Release */ = {
			isa = XCBuildConfiguration;
			buildSettings = {
				ALWAYS_EMBED_SWIFT_STANDARD_LIBRARIES = YES;
				BUNDLE_LOADER = "$(TEST_HOST)";
				CODE_SIGN_STYLE = Automatic;
				DEVELOPMENT_TEAM = U96K894A9R;
				INFOPLIST_FILE = SwiftControlsTests/Info.plist;
				IPHONEOS_DEPLOYMENT_TARGET = 14.0;
				LD_RUNPATH_SEARCH_PATHS = (
					"$(inherited)",
					"@executable_path/Frameworks",
					"@loader_path/Frameworks",
				);
				PRODUCT_BUNDLE_IDENTIFIER = Nowaksoft.SwiftControlsTests;
				PRODUCT_NAME = "$(TARGET_NAME)";
				SWIFT_VERSION = 5.0;
				TARGETED_DEVICE_FAMILY = "1,2";
				TEST_HOST = "$(BUILT_PRODUCTS_DIR)/SwiftControls.app/SwiftControls";
			};
			name = Release;
		};
		2306D8D825C3EBC3001A7C10 /* Debug */ = {
			isa = XCBuildConfiguration;
			buildSettings = {
				ALWAYS_EMBED_SWIFT_STANDARD_LIBRARIES = YES;
				CODE_SIGN_STYLE = Automatic;
				DEVELOPMENT_TEAM = U96K894A9R;
				INFOPLIST_FILE = SwiftControlsUITests/Info.plist;
				LD_RUNPATH_SEARCH_PATHS = (
					"$(inherited)",
					"@executable_path/Frameworks",
					"@loader_path/Frameworks",
				);
				PRODUCT_BUNDLE_IDENTIFIER = Nowaksoft.SwiftControlsUITests;
				PRODUCT_NAME = "$(TARGET_NAME)";
				SWIFT_VERSION = 5.0;
				TARGETED_DEVICE_FAMILY = "1,2";
				TEST_TARGET_NAME = SwiftControls;
			};
			name = Debug;
		};
		2306D8D925C3EBC3001A7C10 /* Release */ = {
			isa = XCBuildConfiguration;
			buildSettings = {
				ALWAYS_EMBED_SWIFT_STANDARD_LIBRARIES = YES;
				CODE_SIGN_STYLE = Automatic;
				DEVELOPMENT_TEAM = U96K894A9R;
				INFOPLIST_FILE = SwiftControlsUITests/Info.plist;
				LD_RUNPATH_SEARCH_PATHS = (
					"$(inherited)",
					"@executable_path/Frameworks",
					"@loader_path/Frameworks",
				);
				PRODUCT_BUNDLE_IDENTIFIER = Nowaksoft.SwiftControlsUITests;
				PRODUCT_NAME = "$(TARGET_NAME)";
				SWIFT_VERSION = 5.0;
				TARGETED_DEVICE_FAMILY = "1,2";
				TEST_TARGET_NAME = SwiftControls;
			};
			name = Release;
		};
/* End XCBuildConfiguration section */

/* Begin XCConfigurationList section */
		2306D8A225C3EBC0001A7C10 /* Build configuration list for PBXProject "SwiftControls" */ = {
			isa = XCConfigurationList;
			buildConfigurations = (
				2306D8CF25C3EBC3001A7C10 /* Debug */,
				2306D8D025C3EBC3001A7C10 /* Release */,
			);
			defaultConfigurationIsVisible = 0;
			defaultConfigurationName = Release;
		};
		2306D8D125C3EBC3001A7C10 /* Build configuration list for PBXNativeTarget "SwiftControls" */ = {
			isa = XCConfigurationList;
			buildConfigurations = (
				2306D8D225C3EBC3001A7C10 /* Debug */,
				2306D8D325C3EBC3001A7C10 /* Release */,
			);
			defaultConfigurationIsVisible = 0;
			defaultConfigurationName = Release;
		};
		2306D8D425C3EBC3001A7C10 /* Build configuration list for PBXNativeTarget "SwiftControlsTests" */ = {
			isa = XCConfigurationList;
			buildConfigurations = (
				2306D8D525C3EBC3001A7C10 /* Debug */,
				2306D8D625C3EBC3001A7C10 /* Release */,
			);
			defaultConfigurationIsVisible = 0;
			defaultConfigurationName = Release;
		};
		2306D8D725C3EBC3001A7C10 /* Build configuration list for PBXNativeTarget "SwiftControlsUITests" */ = {
			isa = XCConfigurationList;
			buildConfigurations = (
				2306D8D825C3EBC3001A7C10 /* Debug */,
				2306D8D925C3EBC3001A7C10 /* Release */,
			);
			defaultConfigurationIsVisible = 0;
			defaultConfigurationName = Release;
		};
/* End XCConfigurationList section */

/* Begin XCVersionGroup section */
		2306D8B525C3EBC2001A7C10 /* SwiftControls.xcdatamodeld */ = {
			isa = XCVersionGroup;
			children = (
				2306D8B625C3EBC2001A7C10 /* SwiftControls.xcdatamodel */,
			);
			currentVersion = 2306D8B625C3EBC2001A7C10 /* SwiftControls.xcdatamodel */;
			path = SwiftControls.xcdatamodeld;
			sourceTree = "<group>";
			versionGroupType = wrapper.xcdatamodel;
		};
/* End XCVersionGroup section */
	};
	rootObject = 2306D89F25C3EBC0001A7C10 /* Project object */;
}
